# This file is generated by running "yarn install" inside your project.
# Manual changes might be lost - proceed with caution!

__metadata:
  version: 8
  cacheKey: 10c0

"@uniswap/v4-core@npm:^1.0.2":
  version: 1.0.2
  resolution: "@uniswap/v4-core@npm:1.0.2"
  checksum: 10c0/a0f97e6a73e6d6395191d1f95d0e8914f338dab83144092105b12dd7bebf7cab8bd8f2ceeab048061f54c0e499e83d3dcde9443062949f6f7c227c2ee4d54f2c
  languageName: node
  linkType: hard

"@uniswap/v4-periphery@npm:^1.0.2":
  version: 1.0.2
  resolution: "@uniswap/v4-periphery@npm:1.0.2"
  checksum: 10c0/960be11ca9c6418070e6e50a4e1b0becf37ad88d18eb23f9cf9a8e01a8c9cae4a49d694292875242d9530a36b04b315a72706a0a83b45abe5efde502dd2ce107
  languageName: node
  linkType: hard

"forge-std@github:foundry-rs/forge-std#v1.9.7":
  version: 1.9.7
  resolution: "forge-std@https://github.com/foundry-rs/forge-std.git#commit=77041d2ce690e692d6e03cc812b57d1ddaa4d505"
  checksum: 10c0/21232763e5c5caf7dbedcfa9e3f3bbbe6c874c5f70ec5c801ed76a3821221d323c56eaceff1abc1ea76b42455b64090b3a014c9167500a3291748277ed6c4aa2
  languageName: node
  linkType: hard

"hookmate@workspace:.":
  version: 0.0.0-use.local
  resolution: "hookmate@workspace:."
  dependencies:
    "@uniswap/v4-core": "npm:^1.0.2"
    "@uniswap/v4-periphery": "npm:^1.0.2"
    forge-std: "github:foundry-rs/forge-std#v1.9.7"
  languageName: unknown
  linkType: soft
